
Microsoft Visual Studio Solution File, Format Version 12.00
# Visual Studio Version 16
VisualStudioVersion = 16.0.30804.86
MinimumVisualStudioVersion = 10.0.40219.1
Project("{FAE04EC0-301F-11D3-BF4B-00C04F79EFBC}") = "教室综合管理系统", "教室综合管理系统.csproj", "{F28EBFC2-B478-44D6-AB04-A1491E69BD98}"
EndProject
Global
	GlobalSection(SolutionConfigurationPlatforms) = preSolution
		Debug|Any CPU = Debug|Any CPU
		Release|Any CPU = Release|Any CPU
	EndGlobalSection
	GlobalSection(ProjectConfigurationPlatforms) = postSolution
		{F28EBFC2-B478-44D6-AB04-A1491E69BD98}.Debug|Any CPU.ActiveCfg = Debug|Any CPU
		{F28EBFC2-B478-44D6-AB04-A1491E69BD98}.Debug|Any CPU.Build.0 = Debug|Any CPU
		{F28EBFC2-B478-44D6-AB04-A1491E69BD98}.Release|Any CPU.ActiveCfg = Release|Any CPU
		{F28EBFC2-B478-44D6-AB04-A1491E69BD98}.Release|Any CPU.Build.0 = Release|Any CPU
	EndGlobalSection
	GlobalSection(SolutionProperties) = preSolution
		HideSolutionNode = FALSE
	EndGlobalSection
	GlobalSection(ExtensibilityGlobals) = postSolution
		SolutionGuid = {55A07FDD-5D03-4AC8-9423-F9D33D1B202C}
	EndGlobalSection
EndGlobal
